// !$*UTF8*$!
{
	archiveVersion = 1;
	classes = {
	};
	objectVersion = 56;
	objects = {

/* Begin PBXBuildFile section */
		1A1111112B5F123400000001 /* CaptainsLogApp.swift in Sources */ = {isa = PBXBuildFile; fileRef = 1A1111102B5F123400000001 /* CaptainsLogApp.swift */; };
		1A1111132B5F123400000001 /* ContentView.swift in Sources */ = {isa = PBXBuildFile; fileRef = 1A1111122B5F123400000001 /* ContentView.swift */; };
		1A1111152B5F123600000001 /* Assets.xcassets in Resources */ = {isa = PBXBuildFile; fileRef = 1A1111142B5F123600000001 /* Assets.xcassets */; };
		1A1111192B5F123600000001 /* CaptainsLog.xcdatamodeld in Sources */ = {isa = PBXBuildFile; fileRef = 1A1111172B5F123600000001 /* CaptainsLog.xcdatamodeld */; };
		1A11111B2B5F123600000001 /* Persistence.swift in Sources */ = {isa = PBXBuildFile; fileRef = 1A11111A2B5F123600000001 /* Persistence.swift */; };
		1A11111D2B5F124000000001 /* TodaysLogView.swift in Sources */ = {isa = PBXBuildFile; fileRef = 1A11111C2B5F124000000001 /* TodaysLogView.swift */; };
		1A11111F2B5F124000000001 /* HistoryView.swift in Sources */ = {isa = PBXBuildFile; fileRef = 1A11111E2B5F124000000001 /* HistoryView.swift */; };
		1A1111212B5F124000000001 /* LogEntryRow.swift in Sources */ = {isa = PBXBuildFile; fileRef = 1A1111202B5F124000000001 /* LogEntryRow.swift */; };
		1A1111232B5F124000000001 /* AudioManager.swift in Sources */ = {isa = PBXBuildFile; fileRef = 1A1111222B5F124000000001 /* AudioManager.swift */; };
		1A1111252B5F125000000001 /* AnalyticsManager.swift in Sources */ = {isa = PBXBuildFile; fileRef = 1A1111242B5F125000000001 /* AnalyticsManager.swift */; };
/* End PBXBuildFile section */

/* Begin PBXFileReference section */
		1A11110D2B5F123400000001 /* CaptainsLog.app */ = {isa = PBXFileReference; explicitFileType = wrapper.application; includeInIndex = 0; path = CaptainsLog.app; sourceTree = BUILT_PRODUCTS_DIR; };
		1A1111102B5F123400000001 /* CaptainsLogApp.swift */ = {isa = PBXFileReference; lastKnownFileType = sourcecode.swift; path = CaptainsLogApp.swift; sourceTree = "<group>"; };
		1A1111122B5F123400000001 /* ContentView.swift */ = {isa = PBXFileReference; lastKnownFileType = sourcecode.swift; path = ContentView.swift; sourceTree = "<group>"; };
		1A1111142B5F123600000001 /* Assets.xcassets */ = {isa = PBXFileReference; lastKnownFileType = folder.assetcatalog; path = Assets.xcassets; sourceTree = "<group>"; };
		1A1111182B5F123600000001 /* CaptainsLog.xcdatamodel */ = {isa = PBXFileReference; lastKnownFileType = wrapper.xcdatamodel; path = CaptainsLog.xcdatamodel; sourceTree = "<group>"; };
		1A11111A2B5F123600000001 /* Persistence.swift */ = {isa = PBXFileReference; lastKnownFileType = sourcecode.swift; path = Persistence.swift; sourceTree = "<group>"; };
		1A11111C2B5F124000000001 /* TodaysLogView.swift */ = {isa = PBXFileReference; lastKnownFileType = sourcecode.swift; path = TodaysLogView.swift; sourceTree = "<group>"; };
		1A11111E2B5F124000000001 /* HistoryView.swift */ = {isa = PBXFileReference; lastKnownFileType = sourcecode.swift; path = HistoryView.swift; sourceTree = "<group>"; };
		1A1111202B5F124000000001 /* LogEntryRow.swift */ = {isa = PBXFileReference; lastKnownFileType = sourcecode.swift; path = LogEntryRow.swift; sourceTree = "<group>"; };
		1A1111222B5F124000000001 /* AudioManager.swift */ = {isa = PBXFileReference; lastKnownFileType = sourcecode.swift; path = AudioManager.swift; sourceTree = "<group>"; };
		1A1111242B5F125000000001 /* AnalyticsManager.swift */ = {isa = PBXFileReference; lastKnownFileType = sourcecode.swift; path = AnalyticsManager.swift; sourceTree = "<group>"; };
/* End PBXFileReference section */

/* Begin PBXFrameworksBuildPhase section */
		1A11110A2B5F123400000001 /* Frameworks */ = {
			isa = PBXFrameworksBuildPhase;
			buildActionMask = 2147483647;
			files = (
			);
			runOnlyForDeploymentPostprocessing = 0;
		};
/* End PBXFrameworksBuildPhase section */

/* Begin PBXGroup section */
		1A1111042B5F123400000001 = {
			isa = PBXGroup;
			children = (
				1A11110F2B5F123400000001 /* CaptainsLog */,
				1A11110E2B5F123400000001 /* Products */,
			);
			sourceTree = "<group>";
		};
		1A11110E2B5F123400000001 /* Products */ = {
			isa = PBXGroup;
			children = (
				1A11110D2B5F123400000001 /* CaptainsLog.app */,
			);
			name = Products;
			sourceTree = "<group>";
		};
		1A11110F2B5F123400000001 /* CaptainsLog */ = {
			isa = PBXGroup;
			children = (
				1A1111102B5F123400000001 /* CaptainsLogApp.swift */,
				1A1111122B5F123400000001 /* ContentView.swift */,
				1A11111C2B5F124000000001 /* TodaysLogView.swift */,
				1A11111E2B5F124000000001 /* HistoryView.swift */,
				1A1111202B5F124000000001 /* LogEntryRow.swift */,
				1A1111222B5F124000000001 /* AudioManager.swift */,
				1A1111242B5F125000000001 /* AnalyticsManager.swift */,
				1A11111A2B5F123600000001 /* Persistence.swift */,
				1A1111142B5F123600000001 /* Assets.xcassets */,
				1A1111172B5F123600000001 /* CaptainsLog.xcdatamodeld */,
			);
			path = CaptainsLog;
			sourceTree = "<group>";
		};
/* End PBXGroup section */

/* Begin PBXNativeTarget section */
		1A11110C2B5F123400000001 /* CaptainsLog */ = {
			isa = PBXNativeTarget;
			buildConfigurationList = 1A1111302B5F123600000001 /* Build configuration list for PBXNativeTarget "CaptainsLog" */;
			buildPhases = (
				1A1111092B5F123400000001 /* Sources */,
				1A11110A2B5F123400000001 /* Frameworks */,
				1A11110B2B5F123400000001 /* Resources */,
			);
			buildRules = (
			);
			dependencies = (
			);
			name = CaptainsLog;
			productName = CaptainsLog;
			productReference = 1A11110D2B5F123400000001 /* CaptainsLog.app */;
			productType = "com.apple.product-type.application";
		};
/* End PBXNativeTarget section */

/* Begin PBXProject section */
		1A1111052B5F123400000001 /* Project object */ = {
			isa = PBXProject;
			attributes = {
				BuildIndependentTargetsInParallel = 1;
				LastSwiftUpdateCheck = 1520;
				LastUpgradeCheck = 1520;
				TargetAttributes = {
					1A11110C2B5F123400000001 = {
						CreatedOnToolsVersion = 15.2;
					};
				};
			};
			buildConfigurationList = 1A1111082B5F123400000001 /* Build configuration list for PBXProject "CaptainsLog" */;
			compatibilityVersion = "Xcode 14.0";
			developmentRegion = en;
			hasScannedForEncodings = 0;
			knownRegions = (
				en,
				Base,
			);
			mainGroup = 1A1111042B5F123400000001;
			productRefGroup = 1A11110E2B5F123400000001 /* Products */;
			projectDirPath = "";
			projectRoot = "";
			targets = (
				1A11110C2B5F123400000001 /* CaptainsLog */,
			);
		};
/* End PBXProject section */

/* Begin PBXResourcesBuildPhase section */
		1A11110B2B5F123400000001 /* Resources */ = {
			isa = PBXResourcesBuildPhase;
			buildActionMask = 2147483647;
			files = (
				1A1111152B5F123600000001 /* Assets.xcassets in Resources */,
			);
			runOnlyForDeploymentPostprocessing = 0;
		};
/* End PBXResourcesBuildPhase section */

/* Begin PBXSourcesBuildPhase section */
		1A1111092B5F123400000001 /* Sources */ = {
			isa = PBXSourcesBuildPhase;
			buildActionMask = 2147483647;
			files = (
				1A1111192B5F123600000001 /* CaptainsLog.xcdatamodeld in Sources */,
				1A11111B2B5F123600000001 /* Persistence.swift in Sources */,
				1A11111D2B5F124000000001 /* TodaysLogView.swift in Sources */,
				1A1111232B5F124000000001 /* AudioManager.swift in Sources */,
				1A1111252B5F125000000001 /* AnalyticsManager.swift in Sources */,
				1A1111132B5F123400000001 /* ContentView.swift in Sources */,
				1A1111212B5F124000000001 /* LogEntryRow.swift in Sources */,
				1A11111F2B5F124000000001 /* HistoryView.swift in Sources */,
				1A1111112B5F123400000001 /* CaptainsLogApp.swift in Sources */,
			);
			runOnlyForDeploymentPostprocessing = 0;
		};
/* End PBXSourcesBuildPhase section */

/* Begin XCBuildConfiguration section */
		1A11112E2B5F123600000001 /* Debug */ = {
			isa = XCBuildConfiguration;
			buildSettings = {
				ALWAYS_SEARCH_USER_PATHS = NO;
				ASSETCATALOG_COMPILER_GENERATE_SWIFT_ASSET_SYMBOL_EXTENSIONS = YES;
				CLANG_ANALYZER_NONNULL = YES;
				CLANG_ANALYZER_NUMBER_OBJECT_CONVERSION = YES_AGGRESSIVE;
				CLANG_CXX_LANGUAGE_STANDARD = "gnu++20";
				CLANG_ENABLE_MODULES = YES;
				CLANG_ENABLE_OBJC_ARC = YES;
				CLANG_ENABLE_OBJC_WEAK = YES;
				CLANG_WARN_BLOCK_CAPTURE_AUTORELEASING = YES;
				CLANG_WARN_BOOL_CONVERSION = YES;
				CLANG_WARN_COMMA = YES;
				CLANG_WARN_CONSTANT_CONVERSION = YES;
				CLANG_WARN_DEPRECATED_OBJC_IMPLEMENTATIONS = YES;
				CLANG_WARN_DIRECT_OBJC_ISA_USAGE = YES_ERROR;
				CLANG_WARN_DOCUMENTATION_COMMENTS = YES;
				CLANG_WARN_EMPTY_BODY = YES;
				CLANG_WARN_ENUM_CONVERSION = YES;
				CLANG_WARN_INFINITE_RECURSION = YES;
				CLANG_WARN_INT_CONVERSION = YES;
				CLANG_WARN_NON_LITERAL_NULL_CONVERSION = YES;
				CLANG_WARN_OBJC_IMPLICIT_RETAIN_SELF = YES;
				CLANG_WARN_OBJC_LITERAL_CONVERSION = YES;
				CLANG_WARN_OBJC_ROOT_CLASS = YES_ERROR;
				CLANG_WARN_QUOTED_INCLUDE_IN_FRAMEWORK_HEADER = YES;
				CLANG_WARN_RANGE_LOOP_ANALYSIS = YES;
				CLANG_WARN_STRICT_PROTOTYPES = YES;
				CLANG_WARN_SUSPICIOUS_MOVE = YES;
				CLANG_WARN_UNGUARDED_AVAILABILITY = YES_AGGRESSIVE;
				CLANG_WARN_UNREACHABLE_CODE = YES;
				CLANG_WARN__DUPLICATE_METHOD_MATCH = YES;
				COPY_PHASE_STRIP = NO;
				DEBUG_INFORMATION_FORMAT = dwarf;
				ENABLE_STRICT_OBJC_MSGSEND = YES;
				ENABLE_TESTABILITY = YES;
				ENABLE_USER_SCRIPT_SANDBOXING = YES;
				GCC_C_LANGUAGE_STANDARD = gnu17;
				GCC_DYNAMIC_NO_PIC = NO;
				GCC_NO_COMMON_BLOCKS = YES;
				GCC_OPTIMIZATION_LEVEL = 0;
				GCC_PREPROCESSOR_DEFINITIONS = (
					"DEBUG=1",
					"$(inherited)",
				);
				GCC_WARN_64_TO_32_BIT_CONVERSION = YES;
				GCC_WARN_ABOUT_RETURN_TYPE = YES_ERROR;
				GCC_WARN_UNDECLARED_SELECTOR = YES;
				GCC_WARN_UNINITIALIZED_AUTOS = YES_AGGRESSIVE;
				GCC_WARN_UNUSED_FUNCTION = YES;
				GCC_WARN_UNUSED_VARIABLE = YES;
				IPHONEOS_DEPLOYMENT_TARGET = 17.2;
				LOCALIZATION_PREFERS_STRING_CATALOGS = YES;
				MTL_ENABLE_DEBUG_INFO = INCLUDE_SOURCE;
				MTL_FAST_MATH = YES;
				ONLY_ACTIVE_ARCH = YES;
				SDKROOT = iphoneos;
				SWIFT_ACTIVE_COMPILATION_CONDITIONS = "DEBUG $(inherited)";
				SWIFT_OPTIMIZATION_LEVEL = "-Onone";
			};
			name = Debug;
		};
		1A11112F2B5F123600000001 /* Release */ = {
			isa = XCBuildConfiguration;
			buildSettings = {
				ALWAYS_SEARCH_USER_PATHS = NO;
				ASSETCATALOG_COMPILER_GENERATE_SWIFT_ASSET_SYMBOL_EXTENSIONS = YES;
				CLANG_ANALYZER_NONNULL = YES;
				CLANG_ANALYZER_NUMBER_OBJECT_CONVERSION = YES_AGGRESSIVE;
				CLANG_CXX_LANGUAGE_STANDARD = "gnu++20";
				CLANG_ENABLE_MODULES = YES;
				CLANG_ENABLE_OBJC_ARC = YES;
				CLANG_ENABLE_OBJC_WEAK = YES;
				CLANG_WARN_BLOCK_CAPTURE_AUTORELEASING = YES;
				CLANG_WARN_BOOL_CONVERSION = YES;
				CLANG_WARN_COMMA = YES;
				CLANG_WARN_CONSTANT_CONVERSION = YES;
				CLANG_WARN_DEPRECATED_OBJC_IMPLEMENTATIONS = YES;
				CLANG_WARN_DIRECT_OBJC_ISA_USAGE = YES_ERROR;
				CLANG_WARN_DOCUMENTATION_COMMENTS = YES;
				CLANG_WARN_EMPTY_BODY = YES;
				CLANG_WARN_ENUM_CONVERSION = YES;
				CLANG_WARN_INFINITE_RECURSION = YES;
				CLANG_WARN_INT_CONVERSION = YES;
				CLANG_WARN_NON_LITERAL_NULL_CONVERSION = YES;
				CLANG_WARN_OBJC_IMPLICIT_RETAIN_SELF = YES;
				CLANG_WARN_OBJC_LITERAL_CONVERSION = YES;
				CLANG_WARN_OBJC_ROOT_CLASS = YES_ERROR;
				CLANG_WARN_QUOTED_INCLUDE_IN_FRAMEWORK_HEADER = YES;
				CLANG_WARN_RANGE_LOOP_ANALYSIS = YES;
				CLANG_WARN_STRICT_PROTOTYPES = YES;
				CLANG_WARN_SUSPICIOUS_MOVE = YES;
				CLANG_WARN_UNGUARDED_AVAILABILITY = YES_AGGRESSIVE;
				CLANG_WARN_UNREACHABLE_CODE = YES;
				CLANG_WARN__DUPLICATE_METHOD_MATCH = YES;
				COPY_PHASE_STRIP = NO;
				DEBUG_INFORMATION_FORMAT = "dwarf-with-dsym";
				ENABLE_NS_ASSERTIONS = NO;
				ENABLE_STRICT_OBJC_MSGSEND = YES;
				ENABLE_USER_SCRIPT_SANDBOXING = YES;
				GCC_C_LANGUAGE_STANDARD = gnu17;
				GCC_NO_COMMON_BLOCKS = YES;
				GCC_WARN_64_TO_32_BIT_CONVERSION = YES;
				GCC_WARN_ABOUT_RETURN_TYPE = YES_ERROR;
				GCC_WARN_UNDECLARED_SELECTOR = YES;
				GCC_WARN_UNINITIALIZED_AUTOS = YES_AGGRESSIVE;
				GCC_WARN_UNUSED_FUNCTION = YES;
				GCC_WARN_UNUSED_VARIABLE = YES;
				IPHONEOS_DEPLOYMENT_TARGET = 17.2;
				LOCALIZATION_PREFERS_STRING_CATALOGS = YES;
				MTL_ENABLE_DEBUG_INFO = NO;
				MTL_FAST_MATH = YES;
				SDKROOT = iphoneos;
				SWIFT_COMPILATION_MODE = wholemodule;
				VALIDATE_PRODUCT = YES;
			};
			name = Release;
		};
		1A1111312B5F123600000001 /* Debug */ = {
			isa = XCBuildConfiguration;
			buildSettings = {
				ASSETCATALOG_COMPILER_APPICON_NAME = AppIcon;
				ASSETCATALOG_COMPILER_GLOBAL_ACCENT_COLOR_NAME = AccentColor;
				CODE_SIGN_STYLE = Automatic;
				CURRENT_PROJECT_VERSION = 1;
				DEVELOPMENT_TEAM = "";
				ENABLE_PREVIEWS = YES;
				GENERATE_INFOPLIST_FILE = YES;
				INFOPLIST_KEY_NSMicrophoneUsageDescription = "Captain's Log needs access to the microphone to record voice entries.";
				INFOPLIST_KEY_UIApplicationSceneManifest_Generation = YES;
				INFOPLIST_KEY_UIApplicationSupportsIndirectInputEvents = YES;
				INFOPLIST_KEY_UILaunchScreen_Generation = YES;
				INFOPLIST_KEY_UISupportedInterfaceOrientations_iPad = "UIInterfaceOrientationPortrait UIInterfaceOrientationPortraitUpsideDown UIInterfaceOrientationLandscapeLeft UIInterfaceOrientationLandscapeRight";
				INFOPLIST_KEY_UISupportedInterfaceOrientations_iPhone = "UIInterfaceOrientationPortrait UIInterfaceOrientationLandscapeLeft UIInterfaceOrientationLandscapeRight";
				LD_RUNPATH_SEARCH_PATHS = (
					"$(inherited)",
					"@executable_path/Frameworks",
				);
				MARKETING_VERSION = 1.0;
				PRODUCT_BUNDLE_IDENTIFIER = com.berganzj.CaptainsLog;
				PRODUCT_NAME = "$(TARGET_NAME)";
				SWIFT_EMIT_LOC_STRINGS = YES;
				SWIFT_VERSION = 5.0;
				TARGETED_DEVICE_FAMILY = "1,2";
			};
			name = Debug;
		};
		1A1111322B5F123600000001 /* Release */ = {
			isa = XCBuildConfiguration;
			buildSettings = {
				ASSETCATALOG_COMPILER_APPICON_NAME = AppIcon;
				ASSETCATALOG_COMPILER_GLOBAL_ACCENT_COLOR_NAME = AccentColor;
				CODE_SIGN_STYLE = Automatic;
				CURRENT_PROJECT_VERSION = 1;
				DEVELOPMENT_TEAM = "";
				ENABLE_PREVIEWS = YES;
				GENERATE_INFOPLIST_FILE = YES;
				INFOPLIST_KEY_NSMicrophoneUsageDescription = "Captain's Log needs access to the microphone to record voice entries.";
				INFOPLIST_KEY_UIApplicationSceneManifest_Generation = YES;
				INFOPLIST_KEY_UIApplicationSupportsIndirectInputEvents = YES;
				INFOPLIST_KEY_UILaunchScreen_Generation = YES;
				INFOPLIST_KEY_UISupportedInterfaceOrientations_iPad = "UIInterfaceOrientationPortrait UIInterfaceOrientationPortraitUpsideDown UIInterfaceOrientationLandscapeLeft UIInterfaceOrientationLandscapeRight";
				INFOPLIST_KEY_UISupportedInterfaceOrientations_iPhone = "UIInterfaceOrientationPortrait UIInterfaceOrientationLandscapeLeft UIInterfaceOrientationLandscapeRight";
				LD_RUNPATH_SEARCH_PATHS = (
					"$(inherited)",
					"@executable_path/Frameworks",
				);
				MARKETING_VERSION = 1.0;
				PRODUCT_BUNDLE_IDENTIFIER = com.berganzj.CaptainsLog;
				PRODUCT_NAME = "$(TARGET_NAME)";
				SWIFT_EMIT_LOC_STRINGS = YES;
				SWIFT_VERSION = 5.0;
				TARGETED_DEVICE_FAMILY = "1,2";
			};
			name = Release;
		};
/* End XCBuildConfiguration section */

/* Begin XCConfigurationList section */
		1A1111082B5F123400000001 /* Build configuration list for PBXProject "CaptainsLog" */ = {
			isa = XCConfigurationList;
			buildConfigurations = (
				1A11112E2B5F123600000001 /* Debug */,
				1A11112F2B5F123600000001 /* Release */,
			);
			defaultConfigurationIsVisible = 0;
			defaultConfigurationName = Release;
		};
		1A1111302B5F123600000001 /* Build configuration list for PBXNativeTarget "CaptainsLog" */ = {
			isa = XCConfigurationList;
			buildConfigurations = (
				1A1111312B5F123600000001 /* Debug */,
				1A1111322B5F123600000001 /* Release */,
			);
			defaultConfigurationIsVisible = 0;
			defaultConfigurationName = Release;
		};
/* End XCConfigurationList section */

/* Begin XCVersionGroup section */
		1A1111172B5F123600000001 /* CaptainsLog.xcdatamodeld */ = {
			isa = XCVersionGroup;
			children = (
				1A1111182B5F123600000001 /* CaptainsLog.xcdatamodel */,
			);
			currentVersion = 1A1111182B5F123600000001 /* CaptainsLog.xcdatamodel */;
			path = CaptainsLog.xcdatamodeld;
			sourceTree = "<group>";
			versionGroupType = wrapper.xcdatamodel;
		};
/* End XCVersionGroup section */
	};
	rootObject = 1A1111052B5F123400000001 /* Project object */;
}